
Microsoft Visual Studio Solution File, Format Version 12.00
# Visual Studio 15
VisualStudioVersion = 15.0.28307.539
MinimumVisualStudioVersion = 10.0.40219.1
Project("{FAE04EC0-301F-11D3-BF4B-00C04F79EFBC}") = "ControleDePedidos", "ControleDePedidos\ControleDePedidos.csproj", "{D4AEF2C4-50A1-4AB3-821D-2CAE9432C193}"
EndProject
Global
	GlobalSection(SolutionConfigurationPlatforms) = preSolution
		Debug|Any CPU = Debug|Any CPU
		Release|Any CPU = Release|Any CPU
	EndGlobalSection
	GlobalSection(ProjectConfigurationPlatforms) = postSolution
		{D4AEF2C4-50A1-4AB3-821D-2CAE9432C193}.Debug|Any CPU.ActiveCfg = Debug|Any CPU
		{D4AEF2C4-50A1-4AB3-821D-2CAE9432C193}.Debug|Any CPU.Build.0 = Debug|Any CPU
		{D4AEF2C4-50A1-4AB3-821D-2CAE9432C193}.Release|Any CPU.ActiveCfg = Release|Any CPU
		{D4AEF2C4-50A1-4AB3-821D-2CAE9432C193}.Release|Any CPU.Build.0 = Release|Any CPU
	EndGlobalSection
	GlobalSection(SolutionProperties) = preSolution
		HideSolutionNode = FALSE
	EndGlobalSection
	GlobalSection(ExtensibilityGlobals) = postSolution
		SolutionGuid = {2C01650E-DBAF-4B72-8B0C-FB6419070CF4}
	EndGlobalSection
EndGlobal
